
Microsoft Visual Studio Solution File, Format Version 12.00
Project("{FAE04EC0-301F-11D3-BF4B-00C04F79EFBC}") = "BenchmarkExample", "BenchmarkExample\BenchmarkExample.csproj", "{39B604C9-02DF-487F-901B-9BAAD0304BCB}"
EndProject
Global
	GlobalSection(SolutionConfigurationPlatforms) = preSolution
		Debug|Any CPU = Debug|Any CPU
		Release|Any CPU = Release|Any CPU
	EndGlobalSection
	GlobalSection(ProjectConfigurationPlatforms) = postSolution
		{39B604C9-02DF-487F-901B-9BAAD0304BCB}.Debug|Any CPU.ActiveCfg = Debug|Any CPU
		{39B604C9-02DF-487F-901B-9BAAD0304BCB}.Debug|Any CPU.Build.0 = Debug|Any CPU
		{39B604C9-02DF-487F-901B-9BAAD0304BCB}.Release|Any CPU.ActiveCfg = Release|Any CPU
		{39B604C9-02DF-487F-901B-9BAAD0304BCB}.Release|Any CPU.Build.0 = Release|Any CPU
	EndGlobalSection
EndGlobal
